
Microsoft Visual Studio Solution File, Format Version 12.00
# Visual Studio Version 16
VisualStudioVersion = 16.0.29025.244
MinimumVisualStudioVersion = 10.0.40219.1
Project("{8BC9CEB8-8B4A-11D0-8D11-00A0C91BC942}") = "SakuraCore", "SakuraCore\SakuraCore.vcxproj", "{458F0EDF-40B3-4825-8514-4A58C6B7485E}"
EndProject
Project("{8BC9CEB8-8B4A-11D0-8D11-00A0C91BC942}") = "SakuraRenderer", "SakuraRenderer\SakuraRenderer.vcxproj", "{B12702AD-ABFB-343A-A199-8E24837244A3}"
EndProject
Project("{8BC9CEB8-8B4A-11D0-8D11-00A0C91BC942}") = "SECSCore", "SECSCore\SECSCore.vcxproj", "{BF386C68-3285-4C0C-8331-C2B405711B9F}"
EndProject
Project("{8BC9CEB8-8B4A-11D0-8D11-00A0C91BC942}") = "SakuraCore_ECS", "SakuraCore_ECS\SakuraCore_ECS.vcxproj", "{0F88DB30-8E66-4A88-B963-C46EFAB0444E}"
	ProjectSection(ProjectDependencies) = postProject
		{BF386C68-3285-4C0C-8331-C2B405711B9F} = {BF386C68-3285-4C0C-8331-C2B405711B9F}
	EndProjectSection
EndProject
Project("{FAE04EC0-301F-11D3-BF4B-00C04F79EFBC}") = "SakuraWPF", "SakuraWPF\SakuraWPF.csproj", "{1A6F0BDA-2763-4292-987C-08B18F3AE043}"
EndProject
Global
	GlobalSection(SolutionConfigurationPlatforms) = preSolution
		Debug|Any CPU = Debug|Any CPU
		Debug|Win32 = Debug|Win32
		Debug|x64 = Debug|x64
		Debug|x86 = Debug|x86
		Release|Any CPU = Release|Any CPU
		Release|Win32 = Release|Win32
		Release|x64 = Release|x64
		Release|x86 = Release|x86
	EndGlobalSection
	GlobalSection(ProjectConfigurationPlatforms) = postSolution
		{458F0EDF-40B3-4825-8514-4A58C6B7485E}.Debug|Any CPU.ActiveCfg = Debug|Win32
		{458F0EDF-40B3-4825-8514-4A58C6B7485E}.Debug|Win32.ActiveCfg = Debug|Win32
		{458F0EDF-40B3-4825-8514-4A58C6B7485E}.Debug|Win32.Build.0 = Debug|Win32
		{458F0EDF-40B3-4825-8514-4A58C6B7485E}.Debug|x64.ActiveCfg = Debug|x64
		{458F0EDF-40B3-4825-8514-4A58C6B7485E}.Debug|x64.Build.0 = Debug|x64
		{458F0EDF-40B3-4825-8514-4A58C6B7485E}.Debug|x86.ActiveCfg = Debug|Win32
		{458F0EDF-40B3-4825-8514-4A58C6B7485E}.Debug|x86.Build.0 = Debug|Win32
		{458F0EDF-40B3-4825-8514-4A58C6B7485E}.Release|Any CPU.ActiveCfg = Release|Win32
		{458F0EDF-40B3-4825-8514-4A58C6B7485E}.Release|Win32.ActiveCfg = Release|Win32
		{458F0EDF-40B3-4825-8514-4A58C6B7485E}.Release|Win32.Build.0 = Release|Win32
		{458F0EDF-40B3-4825-8514-4A58C6B7485E}.Release|x64.ActiveCfg = Release|x64
		{458F0EDF-40B3-4825-8514-4A58C6B7485E}.Release|x64.Build.0 = Release|x64
		{458F0EDF-40B3-4825-8514-4A58C6B7485E}.Release|x86.ActiveCfg = Release|Win32
		{458F0EDF-40B3-4825-8514-4A58C6B7485E}.Release|x86.Build.0 = Release|Win32
		{B12702AD-ABFB-343A-A199-8E24837244A3}.Debug|Any CPU.ActiveCfg = Debug|Win32
		{B12702AD-ABFB-343A-A199-8E24837244A3}.Debug|Win32.ActiveCfg = Debug|Win32
		{B12702AD-ABFB-343A-A199-8E24837244A3}.Debug|Win32.Build.0 = Debug|Win32
		{B12702AD-ABFB-343A-A199-8E24837244A3}.Debug|x64.ActiveCfg = Debug|Win32
		{B12702AD-ABFB-343A-A199-8E24837244A3}.Debug|x86.ActiveCfg = Debug|Win32
		{B12702AD-ABFB-343A-A199-8E24837244A3}.Debug|x86.Build.0 = Debug|Win32
		{B12702AD-ABFB-343A-A199-8E24837244A3}.Release|Any CPU.ActiveCfg = Release|Win32
		{B12702AD-ABFB-343A-A199-8E24837244A3}.Release|Win32.ActiveCfg = Release|Win32
		{B12702AD-ABFB-343A-A199-8E24837244A3}.Release|Win32.Build.0 = Release|Win32
		{B12702AD-ABFB-343A-A199-8E24837244A3}.Release|x64.ActiveCfg = Release|Win32
		{B12702AD-ABFB-343A-A199-8E24837244A3}.Release|x86.ActiveCfg = Release|Win32
		{B12702AD-ABFB-343A-A199-8E24837244A3}.Release|x86.Build.0 = Release|Win32
		{BF386C68-3285-4C0C-8331-C2B405711B9F}.Debug|Any CPU.ActiveCfg = Debug|Win32
		{BF386C68-3285-4C0C-8331-C2B405711B9F}.Debug|Win32.ActiveCfg = Debug|Win32
		{BF386C68-3285-4C0C-8331-C2B405711B9F}.Debug|Win32.Build.0 = Debug|Win32
		{BF386C68-3285-4C0C-8331-C2B405711B9F}.Debug|x64.ActiveCfg = Debug|x64
		{BF386C68-3285-4C0C-8331-C2B405711B9F}.Debug|x64.Build.0 = Debug|x64
		{BF386C68-3285-4C0C-8331-C2B405711B9F}.Debug|x86.ActiveCfg = Debug|Win32
		{BF386C68-3285-4C0C-8331-C2B405711B9F}.Debug|x86.Build.0 = Debug|Win32
		{BF386C68-3285-4C0C-8331-C2B405711B9F}.Release|Any CPU.ActiveCfg = Release|Win32
		{BF386C68-3285-4C0C-8331-C2B405711B9F}.Release|Win32.ActiveCfg = Release|Win32
		{BF386C68-3285-4C0C-8331-C2B405711B9F}.Release|Win32.Build.0 = Release|Win32
		{BF386C68-3285-4C0C-8331-C2B405711B9F}.Release|x64.ActiveCfg = Release|x64
		{BF386C68-3285-4C0C-8331-C2B405711B9F}.Release|x64.Build.0 = Release|x64
		{BF386C68-3285-4C0C-8331-C2B405711B9F}.Release|x86.ActiveCfg = Release|Win32
		{BF386C68-3285-4C0C-8331-C2B405711B9F}.Release|x86.Build.0 = Release|Win32
		{0F88DB30-8E66-4A88-B963-C46EFAB0444E}.Debug|Any CPU.ActiveCfg = Debug|Win32
		{0F88DB30-8E66-4A88-B963-C46EFAB0444E}.Debug|Win32.ActiveCfg = Debug|Win32
		{0F88DB30-8E66-4A88-B963-C46EFAB0444E}.Debug|Win32.Build.0 = Debug|Win32
		{0F88DB30-8E66-4A88-B963-C46EFAB0444E}.Debug|x64.ActiveCfg = Debug|x64
		{0F88DB30-8E66-4A88-B963-C46EFAB0444E}.Debug|x64.Build.0 = Debug|x64
		{0F88DB30-8E66-4A88-B963-C46EFAB0444E}.Debug|x86.ActiveCfg = Debug|Win32
		{0F88DB30-8E66-4A88-B963-C46EFAB0444E}.Debug|x86.Build.0 = Debug|Win32
		{0F88DB30-8E66-4A88-B963-C46EFAB0444E}.Release|Any CPU.ActiveCfg = Release|Win32
		{0F88DB30-8E66-4A88-B963-C46EFAB0444E}.Release|Win32.ActiveCfg = Release|Win32
		{0F88DB30-8E66-4A88-B963-C46EFAB0444E}.Release|Win32.Build.0 = Release|Win32
		{0F88DB30-8E66-4A88-B963-C46EFAB0444E}.Release|x64.ActiveCfg = Release|x64
		{0F88DB30-8E66-4A88-B963-C46EFAB0444E}.Release|x64.Build.0 = Release|x64
		{0F88DB30-8E66-4A88-B963-C46EFAB0444E}.Release|x86.ActiveCfg = Release|Win32
		{0F88DB30-8E66-4A88-B963-C46EFAB0444E}.Release|x86.Build.0 = Release|Win32
		{1A6F0BDA-2763-4292-987C-08B18F3AE043}.Debug|Any CPU.ActiveCfg = Debug|Any CPU
		{1A6F0BDA-2763-4292-987C-08B18F3AE043}.Debug|Any CPU.Build.0 = Debug|Any CPU
		{1A6F0BDA-2763-4292-987C-08B18F3AE043}.Debug|Win32.ActiveCfg = Debug|Any CPU
		{1A6F0BDA-2763-4292-987C-08B18F3AE043}.Debug|Win32.Build.0 = Debug|Any CPU
		{1A6F0BDA-2763-4292-987C-08B18F3AE043}.Debug|x64.ActiveCfg = Debug|Any CPU
		{1A6F0BDA-2763-4292-987C-08B18F3AE043}.Debug|x64.Build.0 = Debug|Any CPU
		{1A6F0BDA-2763-4292-987C-08B18F3AE043}.Debug|x86.ActiveCfg = Debug|Any CPU
		{1A6F0BDA-2763-4292-987C-08B18F3AE043}.Debug|x86.Build.0 = Debug|Any CPU
		{1A6F0BDA-2763-4292-987C-08B18F3AE043}.Release|Any CPU.ActiveCfg = Release|Any CPU
		{1A6F0BDA-2763-4292-987C-08B18F3AE043}.Release|Any CPU.Build.0 = Release|Any CPU
		{1A6F0BDA-2763-4292-987C-08B18F3AE043}.Release|Win32.ActiveCfg = Release|Any CPU
		{1A6F0BDA-2763-4292-987C-08B18F3AE043}.Release|Win32.Build.0 = Release|Any CPU
		{1A6F0BDA-2763-4292-987C-08B18F3AE043}.Release|x64.ActiveCfg = Release|Any CPU
		{1A6F0BDA-2763-4292-987C-08B18F3AE043}.Release|x64.Build.0 = Release|Any CPU
		{1A6F0BDA-2763-4292-987C-08B18F3AE043}.Release|x86.ActiveCfg = Release|Any CPU
		{1A6F0BDA-2763-4292-987C-08B18F3AE043}.Release|x86.Build.0 = Release|Any CPU
	EndGlobalSection
	GlobalSection(SolutionProperties) = preSolution
		HideSolutionNode = FALSE
	EndGlobalSection
	GlobalSection(ExtensibilityGlobals) = postSolution
		SolutionGuid = {5205EFC4-4FC2-4286-9E4E-D31CEB7599AD}
	EndGlobalSection
EndGlobal
