<?xml version="1.0" encoding="utf-8"?>
<Project ToolsVersion="4.0" xmlns="http://schemas.microsoft.com/developer/msbuild/2003">
  <ItemGroup>
    <Filter Include="源文件">
      <UniqueIdentifier>{4FC737F1-C7A5-4376-A066-2A32D752A2FF}</UniqueIdentifier>
      <Extensions>cpp;c;cc;cxx;def;odl;idl;hpj;bat;asm;asmx</Extensions>
    </Filter>
    <Filter Include="头文件">
      <UniqueIdentifier>{93995380-89BD-4b04-88EB-625FBE52EBFB}</UniqueIdentifier>
      <Extensions>h;hh;hpp;hxx;hm;inl;inc;ipp;xsd</Extensions>
    </Filter>
    <Filter Include="资源文件">
      <UniqueIdentifier>{67DA6AB6-F800-4c08-8B7A-83BB121AAD01}</UniqueIdentifier>
      <Extensions>rc;ico;cur;bmp;dlg;rc2;rct;bin;rgs;gif;jpg;jpeg;jpe;resx;tiff;tif;png;wav;mfcribbon-ms</Extensions>
    </Filter>
  </ItemGroup>
  <ItemGroup>
    <ClInclude Include="Source\SakuraCore.h">
      <Filter>头文件</Filter>
    </ClInclude>
    <ClInclude Include="Source\Common\HikaUtils\HikaCommonUtils\GameTimer.h">
      <Filter>头文件</Filter>
    </ClInclude>
    <ClInclude Include="Source\Common\HikaUtils\HikaCommonUtils\GeometryGenerator.h">
      <Filter>头文件</Filter>
    </ClInclude>
    <ClInclude Include="Source\Common\HikaUtils\HikaCommonUtils\HikaCommonUtil.h">
      <Filter>头文件</Filter>
    </ClInclude>
    <ClInclude Include="Source\Common\HikaUtils\HikaCommonUtils\MathHelper.h">
      <Filter>头文件</Filter>
    </ClInclude>
    <ClInclude Include="Source\Common\Microsoft\d3dx12.h">
      <Filter>头文件</Filter>
    </ClInclude>
    <ClInclude Include="Source\Framework\Core\Interface\Interface.hpp">
      <Filter>头文件</Filter>
    </ClInclude>
    <ClInclude Include="Source\Framework\Core\Interface\IRuntimeModule.h">
      <Filter>头文件</Filter>
    </ClInclude>
    <ClInclude Include="Source\Framework\Core\Interface\ISObject.h">
      <Filter>头文件</Filter>
    </ClInclude>
    <ClInclude Include="Source\Framework\Core\SCore.h">
      <Filter>头文件</Filter>
    </ClInclude>
    <ClInclude Include="Source\SakuraCoreUtils.h">
      <Filter>头文件</Filter>
    </ClInclude>
    <ClInclude Include="Source\Framework\Core\Scene\SakuraScene.h">
      <Filter>头文件</Filter>
    </ClInclude>
    <ClInclude Include="Source\Common\HikaUtils\HikaCommonUtils\DDSTextureLoader.h">
      <Filter>头文件</Filter>
    </ClInclude>
    <ClInclude Include="Source\Common\HikaUtils\HikaCommonUtils\TextureLoader.hpp">
      <Filter>头文件</Filter>
    </ClInclude>
    <ClInclude Include="Source\Framework\Managers\Graphics\D3D12\Pipeline\IBL\SkySpherePass.hpp">
      <Filter>头文件</Filter>
    </ClInclude>
    <ClInclude Include="Source\Framework\Managers\Graphics\D3D12\Pipeline\GBufferPass.hpp">
      <Filter>头文件</Filter>
    </ClInclude>
    <ClInclude Include="Source\Framework\Managers\Graphics\D3D12\Pipeline\SsaoPass.hpp">
      <Filter>头文件</Filter>
    </ClInclude>
    <ClInclude Include="Source\Framework\Managers\Graphics\D3D12\SDxRendererGM.h">
      <Filter>头文件</Filter>
    </ClInclude>
    <ClInclude Include="Source\Framework\GraphicTypes\D3D12\D3DCommon.h">
      <Filter>头文件</Filter>
    </ClInclude>
    <ClInclude Include="Source\Framework\GraphicTypes\D3D12\SDx12Pass.hpp">
      <Filter>头文件</Filter>
    </ClInclude>
    <ClInclude Include="Source\Framework\GraphicTypes\D3D12\Dx12Samplers.h">
      <Filter>头文件</Filter>
    </ClInclude>
    <ClInclude Include="Source\Framework\GraphicTypes\D3D12\DX12Definations.h">
      <Filter>头文件</Filter>
    </ClInclude>
    <ClInclude Include="Source\Framework\GraphicTypes\D3D12\FrameResource.h">
      <Filter>头文件</Filter>
    </ClInclude>
    <ClInclude Include="Source\Framework\GraphicTypes\D3D12\UploadBuffer.h">
      <Filter>头文件</Filter>
    </ClInclude>
    <ClInclude Include="Source\Framework\GraphicTypes\D3D12\Utils\d3dUtil.h">
      <Filter>头文件</Filter>
    </ClInclude>
    <ClInclude Include="Source\Framework\GraphicTypes\D3D12\Utils\MeshImporter.h">
      <Filter>头文件</Filter>
    </ClInclude>
    <ClInclude Include="Source\Common\Thirdparty\stb_image.h">
      <Filter>头文件</Filter>
    </ClInclude>
    <ClInclude Include="Source\Framework\Managers\Graphics\D3D12\Pipeline\IBL\HDR2CubeMapPass.hpp">
      <Filter>头文件</Filter>
    </ClInclude>
    <ClInclude Include="Source\Framework\GraphicTypes\D3D12\SD3DCamera.h">
      <Filter>头文件</Filter>
    </ClInclude>
    <ClInclude Include="Source\Framework\Managers\Graphics\D3D12\Pipeline\IBL\CubeMapConvolutionPass.hpp">
      <Filter>头文件</Filter>
    </ClInclude>
    <ClInclude Include="Source\Framework\Managers\Graphics\D3D12\Pipeline\IBL\BRDFLutPass.hpp">
      <Filter>头文件</Filter>
    </ClInclude>
    <ClInclude Include="Source\Framework\Managers\Graphics\D3D12\Pipeline\ScreenSpaceEfx\TAAPass.hpp">
      <Filter>头文件</Filter>
    </ClInclude>
    <ClInclude Include="Source\Framework\Managers\Graphics\D3D12\Pipeline\MotionVectorPass.hpp">
      <Filter>头文件</Filter>
    </ClInclude>
    <ClInclude Include="Source\Framework\Core\Nodes\SakuraSceneNode.hpp">
      <Filter>头文件</Filter>
    </ClInclude>
    <ClInclude Include="Source\Framework\Core\Nodes\Properties\SakuraNodeProperties.h">
      <Filter>头文件</Filter>
    </ClInclude>
    <ClInclude Include="Source\Framework\Core\Nodes\EngineNodes\SStaticMeshNode.hpp">
      <Filter>头文件</Filter>
    </ClInclude>
    <ClInclude Include="Source\Framework\Core\Object\SStaticMesh.h">
      <Filter>头文件</Filter>
    </ClInclude>
    <ClInclude Include="Source\Common\EngineDefinations\MeshData.hpp">
      <Filter>头文件</Filter>
    </ClInclude>
    <ClInclude Include="Source\Framework\Managers\Scene\SSceneManager.h">
      <Filter>头文件</Filter>
    </ClInclude>
    <ClInclude Include="Source\Framework\GraphicTypes\RenderScene\SRenderScene.hpp">
      <Filter>头文件</Filter>
    </ClInclude>
    <ClInclude Include="Source\Framework\Core\Object\SMaterial.h">
      <Filter>头文件</Filter>
    </ClInclude>
    <ClInclude Include="Source\Framework\Managers\Graphics\D3D12\Resource\SDxResourceManager.h">
      <Filter>头文件</Filter>
    </ClInclude>
    <ClInclude Include="Source\Framework\Managers\Graphics\CommonInterface\SakuraGraphicsManagerBase.h">
      <Filter>头文件</Filter>
    </ClInclude>
    <ClInclude Include="Source\Framework\Managers\Graphics\D3D12\SakuraD3D12GraphicsManager.hpp">
      <Filter>头文件</Filter>
    </ClInclude>
    <ClInclude Include="Source\Framework\Managers\Graphics\CommonInterface\Resource\SakuraGraphicsResourceManagerBase.h">
      <Filter>头文件</Filter>
    </ClInclude>
    <ClInclude Include="Source\Framework\GraphicTypes\D3D12\SDescriptorHeap.hpp">
      <Filter>头文件</Filter>
    </ClInclude>
    <ClInclude Include="Source\Framework\GraphicTypes\GraphicsInterface\ISRenderTarget.h">
      <Filter>头文件</Filter>
    </ClInclude>
    <ClInclude Include="Source\Framework\GraphicTypes\D3D12\SDx12RenderTarget.hpp">
      <Filter>头文件</Filter>
    </ClInclude>
    <ClInclude Include="Source\Framework\GraphicTypes\GraphicsInterface\ISTexture.h">
      <Filter>头文件</Filter>
    </ClInclude>
    <ClInclude Include="Source\Framework\GraphicTypes\GraphicsCommon\UploadVertices.h">
      <Filter>头文件</Filter>
    </ClInclude>
    <ClInclude Include="Source\Framework\GraphicTypes\GraphicsInterface\ISGPUResource.h">
      <Filter>头文件</Filter>
    </ClInclude>
    <ClInclude Include="Source\Framework\GraphicTypes\D3D12\SDx12Resource.h">
      <Filter>头文件</Filter>
    </ClInclude>
    <ClInclude Include="Source\Framework\Managers\Graphics\D3D12\Pipeline\DeferredPass.hpp">
      <Filter>头文件</Filter>
    </ClInclude>
    <ClInclude Include="Source\Framework\GraphicTypes\GraphicsCommon\GraphicsConfigs.h">
      <Filter>头文件</Filter>
    </ClInclude>
    <ClInclude Include="Source\Framework\Managers\Graphics\D3D12\Debug\GBufferDebugPass.hpp">
      <Filter>头文件</Filter>
    </ClInclude>
    <ClInclude Include="Source\Framework\GraphicTypes\GraphicsInterface\ISRenderPass.h">
      <Filter>头文件</Filter>
    </ClInclude>
    <ClInclude Include="Source\Framework\GraphicTypes\FrameGraph\SFG_PassNode.h">
      <Filter>头文件</Filter>
    </ClInclude>
    <ClInclude Include="Source\Framework\GraphicTypes\FrameGraph\SakuraFrameGraph.h">
      <Filter>头文件</Filter>
    </ClInclude>
  </ItemGroup>
  <ItemGroup>
    <ClCompile Include="Source\dllmain.cpp">
      <Filter>源文件</Filter>
    </ClCompile>
    <ClCompile Include="Source\SakuraCore.cpp">
      <Filter>源文件</Filter>
    </ClCompile>
    <ClCompile Include="Source\Common\HikaUtils\HikaCommonUtils\GameTimer.cpp">
      <Filter>源文件</Filter>
    </ClCompile>
    <ClCompile Include="Source\Common\HikaUtils\HikaCommonUtils\GeometryGenerator.cpp">
      <Filter>源文件</Filter>
    </ClCompile>
    <ClCompile Include="Source\Common\HikaUtils\HikaCommonUtils\MathHelper.cpp">
      <Filter>源文件</Filter>
    </ClCompile>
    <ClCompile Include="Source\Framework\Core\SCore.cpp">
      <Filter>源文件</Filter>
    </ClCompile>
    <ClCompile Include="Source\Framework\Core\Scene\SakuraScene.cpp">
      <Filter>源文件</Filter>
    </ClCompile>
    <ClCompile Include="Source\Common\HikaUtils\HikaCommonUtils\DDSTextureLoader.cpp">
      <Filter>源文件</Filter>
    </ClCompile>
    <ClCompile Include="Source\Framework\Managers\Graphics\D3D12\SDxRendererGM.cpp">
      <Filter>源文件</Filter>
    </ClCompile>
    <ClCompile Include="Source\Framework\GraphicTypes\D3D12\Dx12Samplers.cpp">
      <Filter>源文件</Filter>
    </ClCompile>
    <ClCompile Include="Source\Framework\GraphicTypes\D3D12\FrameResource.cpp">
      <Filter>源文件</Filter>
    </ClCompile>
    <ClCompile Include="Source\Framework\GraphicTypes\D3D12\Utils\d3dUtil.cpp">
      <Filter>源文件</Filter>
    </ClCompile>
    <ClCompile Include="Source\Framework\GraphicTypes\D3D12\Utils\MeshImporter.cpp">
      <Filter>源文件</Filter>
    </ClCompile>
    <ClCompile Include="Source\Framework\GraphicTypes\D3D12\SD3DCamera.cpp">
      <Filter>源文件</Filter>
    </ClCompile>
    <ClCompile Include="Source\Framework\Core\Object\SStaticMesh.cpp">
      <Filter>源文件</Filter>
    </ClCompile>
    <ClCompile Include="Source\Framework\Managers\Scene\SSceneManager.cpp">
      <Filter>源文件</Filter>
    </ClCompile>
    <ClCompile Include="Source\Framework\Managers\Graphics\D3D12\Resource\SDxResourceManager.cpp">
      <Filter>源文件</Filter>
    </ClCompile>
    <ClCompile Include="Source\Framework\Managers\Graphics\D3D12\SakuraD3D12GraphicsManager.cpp">
      <Filter>源文件</Filter>
    </ClCompile>
    <ClCompile Include="Source\Framework\GraphicTypes\D3D12\SDx12Pass.cpp">
      <Filter>源文件</Filter>
    </ClCompile>
    <ClCompile Include="Source\Framework\GraphicTypes\FrameGraph\SakuraFrameGraph.cpp">
      <Filter>源文件</Filter>
    </ClCompile>
  </ItemGroup>
</Project>